
Microsoft Visual Studio Solution File, Format Version 10.00
# Visual Studio 2008
Project("{FAE04EC0-301F-11D3-BF4B-00C04F79EFBC}") = "Hlab.CncTable.Server", "Server\Hlab.CncTable.Server.csproj", "{7BEDEC1D-FBFB-4C0F-B76C-43A5816BAC02}"
EndProject
Project("{FAE04EC0-301F-11D3-BF4B-00C04F79EFBC}") = "Hlab.CncTable.Win.UI", "WinController\Hlab.CncTable.Win.UI\Hlab.CncTable.Win.UI.csproj", "{6E23EF9C-D77A-46B5-83EE-802933D96C73}"
EndProject
Project("{FAE04EC0-301F-11D3-BF4B-00C04F79EFBC}") = "MRS.Hardware.HTTPServer", "HTTPServer\MRS.Hardware.HTTPServer.csproj", "{FE366048-48AA-4F48-83E6-7AA3606648C6}"
EndProject
Global
	GlobalSection(SolutionConfigurationPlatforms) = preSolution
		Debug|Any CPU = Debug|Any CPU
		Release|Any CPU = Release|Any CPU
	EndGlobalSection
	GlobalSection(ProjectConfigurationPlatforms) = postSolution
		{7BEDEC1D-FBFB-4C0F-B76C-43A5816BAC02}.Debug|Any CPU.ActiveCfg = Debug|Any CPU
		{7BEDEC1D-FBFB-4C0F-B76C-43A5816BAC02}.Debug|Any CPU.Build.0 = Debug|Any CPU
		{7BEDEC1D-FBFB-4C0F-B76C-43A5816BAC02}.Release|Any CPU.ActiveCfg = Release|Any CPU
		{7BEDEC1D-FBFB-4C0F-B76C-43A5816BAC02}.Release|Any CPU.Build.0 = Release|Any CPU
		{6E23EF9C-D77A-46B5-83EE-802933D96C73}.Debug|Any CPU.ActiveCfg = Debug|Any CPU
		{6E23EF9C-D77A-46B5-83EE-802933D96C73}.Debug|Any CPU.Build.0 = Debug|Any CPU
		{6E23EF9C-D77A-46B5-83EE-802933D96C73}.Release|Any CPU.ActiveCfg = Release|Any CPU
		{6E23EF9C-D77A-46B5-83EE-802933D96C73}.Release|Any CPU.Build.0 = Release|Any CPU
		{FE366048-48AA-4F48-83E6-7AA3606648C6}.Debug|Any CPU.ActiveCfg = Debug|Any CPU
		{FE366048-48AA-4F48-83E6-7AA3606648C6}.Debug|Any CPU.Build.0 = Debug|Any CPU
		{FE366048-48AA-4F48-83E6-7AA3606648C6}.Release|Any CPU.ActiveCfg = Release|Any CPU
		{FE366048-48AA-4F48-83E6-7AA3606648C6}.Release|Any CPU.Build.0 = Release|Any CPU
	EndGlobalSection
	GlobalSection(SolutionProperties) = preSolution
		HideSolutionNode = FALSE
	EndGlobalSection
EndGlobal
