
Microsoft Visual Studio Solution File, Format Version 12.00
# Visual Studio 2012
Project("{FAE04EC0-301F-11D3-BF4B-00C04F79EFBC}") = "MRS.Hardware.TCP_HTTP_Services", "..\MRS.Hardware\MRS.Hardware.TCP_HTTP_Services\MRS.Hardware.TCP_HTTP_Services.csproj", "{F43D7A7C-B7B7-4A31-865D-49D6A49F119C}"
EndProject
Project("{FAE04EC0-301F-11D3-BF4B-00C04F79EFBC}") = "MRS.Hardware.UART", "..\MRS.Hardware\MRS.Hardware.UART\MRS.Hardware.UART.csproj", "{317EA2C1-614D-49AB-A36A-32B2CF788064}"
EndProject
Project("{FAE04EC0-301F-11D3-BF4B-00C04F79EFBC}") = "Complex.Library", "Complex.Library\Complex.Library.csproj", "{27B54C9A-77A7-4B8F-BFED-2640DD688893}"
EndProject
Project("{FAE04EC0-301F-11D3-BF4B-00C04F79EFBC}") = "Complex.UI", "Complex.UI\Complex.UI.csproj", "{F8251169-D7B4-4C2C-8D9B-A16EB2D496CB}"
EndProject
Global
	GlobalSection(SolutionConfigurationPlatforms) = preSolution
		Debug|Any CPU = Debug|Any CPU
		Release|Any CPU = Release|Any CPU
	EndGlobalSection
	GlobalSection(ProjectConfigurationPlatforms) = postSolution
		{F43D7A7C-B7B7-4A31-865D-49D6A49F119C}.Debug|Any CPU.ActiveCfg = Debug|Any CPU
		{F43D7A7C-B7B7-4A31-865D-49D6A49F119C}.Debug|Any CPU.Build.0 = Debug|Any CPU
		{F43D7A7C-B7B7-4A31-865D-49D6A49F119C}.Release|Any CPU.ActiveCfg = Release|Any CPU
		{F43D7A7C-B7B7-4A31-865D-49D6A49F119C}.Release|Any CPU.Build.0 = Release|Any CPU
		{317EA2C1-614D-49AB-A36A-32B2CF788064}.Debug|Any CPU.ActiveCfg = Debug|Any CPU
		{317EA2C1-614D-49AB-A36A-32B2CF788064}.Debug|Any CPU.Build.0 = Debug|Any CPU
		{317EA2C1-614D-49AB-A36A-32B2CF788064}.Release|Any CPU.ActiveCfg = Release|Any CPU
		{317EA2C1-614D-49AB-A36A-32B2CF788064}.Release|Any CPU.Build.0 = Release|Any CPU
		{27B54C9A-77A7-4B8F-BFED-2640DD688893}.Debug|Any CPU.ActiveCfg = Debug|Any CPU
		{27B54C9A-77A7-4B8F-BFED-2640DD688893}.Debug|Any CPU.Build.0 = Debug|Any CPU
		{27B54C9A-77A7-4B8F-BFED-2640DD688893}.Release|Any CPU.ActiveCfg = Release|Any CPU
		{27B54C9A-77A7-4B8F-BFED-2640DD688893}.Release|Any CPU.Build.0 = Release|Any CPU
		{F8251169-D7B4-4C2C-8D9B-A16EB2D496CB}.Debug|Any CPU.ActiveCfg = Debug|Any CPU
		{F8251169-D7B4-4C2C-8D9B-A16EB2D496CB}.Debug|Any CPU.Build.0 = Debug|Any CPU
		{F8251169-D7B4-4C2C-8D9B-A16EB2D496CB}.Release|Any CPU.ActiveCfg = Release|Any CPU
		{F8251169-D7B4-4C2C-8D9B-A16EB2D496CB}.Release|Any CPU.Build.0 = Release|Any CPU
	EndGlobalSection
	GlobalSection(SolutionProperties) = preSolution
		HideSolutionNode = FALSE
	EndGlobalSection
EndGlobal
